{
  "nodes": {
    "nixpkgs": {
      "locked": {
        "lastModified": 1744120788,
        "narHash": "sha256-a5NZpBF8kunuAABFDwAfradQrnrQdQuFawZ57+x5RDg=",
        "owner": "nixos",
        "repo": "nixpkgs",
        "rev": "a62d20dd366a941a588bfe3c814826cf631a0554",
        "type": "github"
      },
      "original": {
        "owner": "nixos",
        "ref": "release-24.11",
        "repo": "nixpkgs",
        "type": "github"
      }
    },
    "root": {
      "inputs": {
        "nixpkgs": "nixpkgs"
      }
    }
  },
  "root": "root",
  "version": 7
}
